
Microsoft Visual Studio Solution File, Format Version 12.00
# Visual Studio Version 16
VisualStudioVersion = 16.0.32002.261
MinimumVisualStudioVersion = 10.0.40219.1
Project("{FAE04EC0-301F-11D3-BF4B-00C04F79EFBC}") = "SimpleNeuralNetwork", "SimpleNeuralNetwork\SimpleNeuralNetwork.csproj", "{C74BB146-13FE-49F7-B2ED-25F0F6BCF807}"
EndProject
Project("{FAE04EC0-301F-11D3-BF4B-00C04F79EFBC}") = "SimpleNeuralNetworkTest", "SimpleNeuralNetworkTest\SimpleNeuralNetworkTest.csproj", "{42AA5FFE-44B5-49B6-9D18-16E16D7C13D5}"
EndProject
Global
	GlobalSection(SolutionConfigurationPlatforms) = preSolution
		Debug|Any CPU = Debug|Any CPU
		Release|Any CPU = Release|Any CPU
	EndGlobalSection
	GlobalSection(ProjectConfigurationPlatforms) = postSolution
		{C74BB146-13FE-49F7-B2ED-25F0F6BCF807}.Debug|Any CPU.ActiveCfg = Debug|Any CPU
		{C74BB146-13FE-49F7-B2ED-25F0F6BCF807}.Debug|Any CPU.Build.0 = Debug|Any CPU
		{C74BB146-13FE-49F7-B2ED-25F0F6BCF807}.Release|Any CPU.ActiveCfg = Release|Any CPU
		{C74BB146-13FE-49F7-B2ED-25F0F6BCF807}.Release|Any CPU.Build.0 = Release|Any CPU
		{42AA5FFE-44B5-49B6-9D18-16E16D7C13D5}.Debug|Any CPU.ActiveCfg = Debug|Any CPU
		{42AA5FFE-44B5-49B6-9D18-16E16D7C13D5}.Debug|Any CPU.Build.0 = Debug|Any CPU
		{42AA5FFE-44B5-49B6-9D18-16E16D7C13D5}.Release|Any CPU.ActiveCfg = Release|Any CPU
		{42AA5FFE-44B5-49B6-9D18-16E16D7C13D5}.Release|Any CPU.Build.0 = Release|Any CPU
	EndGlobalSection
	GlobalSection(SolutionProperties) = preSolution
		HideSolutionNode = FALSE
	EndGlobalSection
	GlobalSection(ExtensibilityGlobals) = postSolution
		SolutionGuid = {232F8196-B17C-42E6-8A81-694B63048E38}
	EndGlobalSection
EndGlobal
